// !$*UTF8*$!
{
	archiveVersion = 1;
	classes = {
	};
	objectVersion = 56;
	objects = {

/* Begin PBXFileReference section */
		B1000002 /* ModernApp.swift */ = {isa = PBXFileReference; lastKnownFileType = sourcecode.swift; path = ModernApp.swift; sourceTree = "<group>"; };
		B1000006 /* Modern.app */ = {isa = PBXFileReference; explicitFileType = wrapper.application; includeInIndex = 0; path = Modern.app; sourceTree = BUILT_PRODUCTS_DIR; };
/* End PBXFileReference section */

/* Begin PBXNativeTarget section */
		B1000010 /* Modern */ = {
			isa = PBXNativeTarget;
			buildConfigurationList = B1000020 /* Build configuration list for PBXNativeTarget "Modern" */;
			name = Modern;
			productName = Modern;
			productReference = B1000006 /* Modern.app */;
			productType = "com.apple.product-type.application";
		};
/* End PBXNativeTarget section */

/* Begin PBXProject section */
		B1000000 /* Project object */ = {
			isa = PBXProject;
			targets = (
				B1000010 /* Modern */,
			);
		};
/* End PBXProject section */

/* Begin XCBuildConfiguration section */
		B1000021 /* Debug */ = {
			isa = XCBuildConfiguration;
			buildSettings = {
				GENERATE_INFOPLIST_FILE = YES;
				INFOPLIST_KEY_NSCameraUsageDescription = "Camera for scanning documents";
				INFOPLIST_KEY_UILaunchScreen_Generation = YES;
				IPHONEOS_DEPLOYMENT_TARGET = 16.0;
				MARKETING_VERSION = 2.0.1;
				PRODUCT_BUNDLE_IDENTIFIER = com.forvibe.fixture.modern;
				PRODUCT_NAME = "$(TARGET_NAME)";
				SWIFT_VERSION = 5.0;
			};
			name = Debug;
		};
		B1000022 /* Release */ = {
			isa = XCBuildConfiguration;
			buildSettings = {
				GENERATE_INFOPLIST_FILE = YES;
				INFOPLIST_KEY_NSCameraUsageDescription = "Camera for scanning documents";
				INFOPLIST_KEY_UILaunchScreen_Generation = YES;
				IPHONEOS_DEPLOYMENT_TARGET = 16.0;
				MARKETING_VERSION = 2.0.1;
				PRODUCT_BUNDLE_IDENTIFIER = com.forvibe.fixture.modern;
				PRODUCT_NAME = "$(TARGET_NAME)";
				SWIFT_VERSION = 5.0;
			};
			name = Release;
		};
/* End XCBuildConfiguration section */

/* Begin XCConfigurationList section */
		B1000020 /* Build configuration list for PBXNativeTarget "Modern" */ = {
			isa = XCConfigurationList;
			buildConfigurations = (
				B1000021 /* Debug */,
				B1000022 /* Release */,
			);
			defaultConfigurationIsVisible = 0;
			defaultConfigurationName = Release;
		};
/* End XCConfigurationList section */
	};
	rootObject = B1000000 /* Project object */;
}
