// !$*UTF8*$!
{
	archiveVersion = 1;
	classes = {
	};
	objectVersion = 54;
	objects = {

/* Begin PBXFileReference section */
		C1000006 /* Runner.app */ = {isa = PBXFileReference; explicitFileType = wrapper.application; includeInIndex = 0; path = Runner.app; sourceTree = BUILT_PRODUCTS_DIR; };
/* End PBXFileReference section */

/* Begin PBXNativeTarget section */
		C1000010 /* Runner */ = {
			isa = PBXNativeTarget;
			buildConfigurationList = C1000020 /* Build configuration list for PBXNativeTarget "Runner" */;
			name = Runner;
			productName = Runner;
			productReference = C1000006 /* Runner.app */;
			productType = "com.apple.product-type.application";
		};
/* End PBXNativeTarget section */

/* Begin PBXProject section */
		C1000000 /* Project object */ = {
			isa = PBXProject;
			targets = (
				C1000010 /* Runner */,
			);
		};
/* End PBXProject section */

/* Begin XCBuildConfiguration section */
		C1000021 /* Debug */ = {
			isa = XCBuildConfiguration;
			buildSettings = {
				INFOPLIST_FILE = Runner/Info.plist;
				PRODUCT_BUNDLE_IDENTIFIER = com.forvibe.fixture.flutter;
				PRODUCT_NAME = "$(TARGET_NAME)";
			};
			name = Debug;
		};
		C1000022 /* Release */ = {
			isa = XCBuildConfiguration;
			buildSettings = {
				INFOPLIST_FILE = Runner/Info.plist;
				PRODUCT_BUNDLE_IDENTIFIER = com.forvibe.fixture.flutter;
				PRODUCT_NAME = "$(TARGET_NAME)";
			};
			name = Release;
		};
/* End XCBuildConfiguration section */

/* Begin XCConfigurationList section */
		C1000020 /* Build configuration list for PBXNativeTarget "Runner" */ = {
			isa = XCConfigurationList;
			buildConfigurations = (
				C1000021 /* Debug */,
				C1000022 /* Release */,
			);
			defaultConfigurationIsVisible = 0;
			defaultConfigurationName = Release;
		};
/* End XCConfigurationList section */
	};
	rootObject = C1000000 /* Project object */;
}
